
Microsoft Visual Studio Solution File, Format Version 12.00
# Visual Studio Version 17
VisualStudioVersion = 17.9.34728.123
MinimumVisualStudioVersion = 10.0.40219.1
Project("{FAE04EC0-301F-11D3-BF4B-00C04F79EFBC}") = "Bincom Dev Center", "Bincom Dev Center\Bincom Dev Center.csproj", "{731DFF9D-7356-4775-B93A-05CCFE34A1EA}"
EndProject
Global
	GlobalSection(SolutionConfigurationPlatforms) = preSolution
		Debug|Any CPU = Debug|Any CPU
		Release|Any CPU = Release|Any CPU
	EndGlobalSection
	GlobalSection(ProjectConfigurationPlatforms) = postSolution
		{731DFF9D-7356-4775-B93A-05CCFE34A1EA}.Debug|Any CPU.ActiveCfg = Debug|Any CPU
		{731DFF9D-7356-4775-B93A-05CCFE34A1EA}.Debug|Any CPU.Build.0 = Debug|Any CPU
		{731DFF9D-7356-4775-B93A-05CCFE34A1EA}.Release|Any CPU.ActiveCfg = Release|Any CPU
		{731DFF9D-7356-4775-B93A-05CCFE34A1EA}.Release|Any CPU.Build.0 = Release|Any CPU
	EndGlobalSection
	GlobalSection(SolutionProperties) = preSolution
		HideSolutionNode = FALSE
	EndGlobalSection
	GlobalSection(ExtensibilityGlobals) = postSolution
		SolutionGuid = {568040F5-7B72-42DC-A500-BEE78792161A}
	EndGlobalSection
EndGlobal
